<?xml version="1.0" encoding="utf-8"?>
<Project ToolsVersion="16.0" xmlns="http://schemas.microsoft.com/developer/msbuild/2003">
  <ItemGroup>
    <ClCompile Include="A:\VS\NFCDoorAccess\UNIX_SIgnalHandler\src\UNIX_SignalHandler.cpp">
      <Filter>Source Files</Filter>
    </ClCompile>
  </ItemGroup>
  <ItemGroup>
    <ClInclude Include="A:\VS\NFCDoorAccess\UNIX_SIgnalHandler\include\UNIX_SignalHandler.hpp">
      <Filter>Header Files</Filter>
    </ClInclude>
  </ItemGroup>
  <ItemGroup>
    <CustomBuild Include="A:\VS\NFCDoorAccess\UNIX_SIgnalHandler\CMakeLists.txt" />
  </ItemGroup>
  <ItemGroup>
    <Filter Include="Header Files">
      <UniqueIdentifier>{FFD017B2-3AD4-361F-9E67-D43F104B70D5}</UniqueIdentifier>
    </Filter>
    <Filter Include="Source Files">
      <UniqueIdentifier>{01DF7987-2476-3698-8CA9-097B7913CF62}</UniqueIdentifier>
    </Filter>
  </ItemGroup>
</Project>
