<?xml version="1.0" encoding="utf-8"?>
<Project ToolsVersion="16.0" xmlns="http://schemas.microsoft.com/developer/msbuild/2003">
  <ItemGroup>
    <ClCompile Include="A:\VS\NFCDoorAccess\Startup\src\startup.cpp">
      <Filter>Source Files</Filter>
    </ClCompile>
  </ItemGroup>
  <ItemGroup>
    <CustomBuild Include="A:\VS\NFCDoorAccess\Startup\CMakeLists.txt" />
  </ItemGroup>
  <ItemGroup>
    <Filter Include="Source Files">
      <UniqueIdentifier>{01DF7987-2476-3698-8CA9-097B7913CF62}</UniqueIdentifier>
    </Filter>
  </ItemGroup>
</Project>
