
Microsoft Visual Studio Solution File, Format Version 12.00
# Visual Studio Version 16
Project("{8BC9CEB8-8B4A-11D0-8D11-00A0C91BC942}") = "ALL_BUILD", "ALL_BUILD.vcxproj", "{B5133F4E-9F8E-39B6-87D4-6AC65DE9D6A7}"
	ProjectSection(ProjectDependencies) = postProject
		{2AF4FBF4-A30E-3A33-B950-F393C8D8A957} = {2AF4FBF4-A30E-3A33-B950-F393C8D8A957}
		{F12249BD-9BC4-3659-BBB5-BCBF1DB74961} = {F12249BD-9BC4-3659-BBB5-BCBF1DB74961}
	EndProjectSection
EndProject
Project("{8BC9CEB8-8B4A-11D0-8D11-00A0C91BC942}") = "ProcessLib", "..\ProcessManager\ProcessLib.vcxproj", "{95872388-B4C1-36A9-90E2-DC11E9A06807}"
	ProjectSection(ProjectDependencies) = postProject
		{F12249BD-9BC4-3659-BBB5-BCBF1DB74961} = {F12249BD-9BC4-3659-BBB5-BCBF1DB74961}
	EndProjectSection
EndProject
Project("{8BC9CEB8-8B4A-11D0-8D11-00A0C91BC942}") = "ProcessManagerLib", "..\ProcessManager\ProcessManagerLib.vcxproj", "{B7568937-784F-345D-8ED7-5BAB0CC7A4ED}"
	ProjectSection(ProjectDependencies) = postProject
		{F12249BD-9BC4-3659-BBB5-BCBF1DB74961} = {F12249BD-9BC4-3659-BBB5-BCBF1DB74961}
	EndProjectSection
EndProject
Project("{8BC9CEB8-8B4A-11D0-8D11-00A0C91BC942}") = "Startup", "Startup.vcxproj", "{2AF4FBF4-A30E-3A33-B950-F393C8D8A957}"
	ProjectSection(ProjectDependencies) = postProject
		{95872388-B4C1-36A9-90E2-DC11E9A06807} = {95872388-B4C1-36A9-90E2-DC11E9A06807}
		{B7568937-784F-345D-8ED7-5BAB0CC7A4ED} = {B7568937-784F-345D-8ED7-5BAB0CC7A4ED}
		{F12249BD-9BC4-3659-BBB5-BCBF1DB74961} = {F12249BD-9BC4-3659-BBB5-BCBF1DB74961}
	EndProjectSection
EndProject
Project("{8BC9CEB8-8B4A-11D0-8D11-00A0C91BC942}") = "ZERO_CHECK", "..\\ZERO_CHECK.vcxproj", "{F12249BD-9BC4-3659-BBB5-BCBF1DB74961}"
	ProjectSection(ProjectDependencies) = postProject
	EndProjectSection
EndProject
Global
	GlobalSection(SolutionConfigurationPlatforms) = preSolution
		Debug|x64 = Debug|x64
		Release|x64 = Release|x64
		MinSizeRel|x64 = MinSizeRel|x64
		RelWithDebInfo|x64 = RelWithDebInfo|x64
	EndGlobalSection
	GlobalSection(ProjectConfigurationPlatforms) = postSolution
		{B5133F4E-9F8E-39B6-87D4-6AC65DE9D6A7}.Debug|x64.ActiveCfg = Debug|x64
		{B5133F4E-9F8E-39B6-87D4-6AC65DE9D6A7}.Release|x64.ActiveCfg = Release|x64
		{B5133F4E-9F8E-39B6-87D4-6AC65DE9D6A7}.MinSizeRel|x64.ActiveCfg = MinSizeRel|x64
		{B5133F4E-9F8E-39B6-87D4-6AC65DE9D6A7}.RelWithDebInfo|x64.ActiveCfg = RelWithDebInfo|x64
		{95872388-B4C1-36A9-90E2-DC11E9A06807}.Debug|x64.ActiveCfg = Debug|x64
		{95872388-B4C1-36A9-90E2-DC11E9A06807}.Debug|x64.Build.0 = Debug|x64
		{95872388-B4C1-36A9-90E2-DC11E9A06807}.Release|x64.ActiveCfg = Release|x64
		{95872388-B4C1-36A9-90E2-DC11E9A06807}.Release|x64.Build.0 = Release|x64
		{95872388-B4C1-36A9-90E2-DC11E9A06807}.MinSizeRel|x64.ActiveCfg = MinSizeRel|x64
		{95872388-B4C1-36A9-90E2-DC11E9A06807}.MinSizeRel|x64.Build.0 = MinSizeRel|x64
		{95872388-B4C1-36A9-90E2-DC11E9A06807}.RelWithDebInfo|x64.ActiveCfg = RelWithDebInfo|x64
		{95872388-B4C1-36A9-90E2-DC11E9A06807}.RelWithDebInfo|x64.Build.0 = RelWithDebInfo|x64
		{B7568937-784F-345D-8ED7-5BAB0CC7A4ED}.Debug|x64.ActiveCfg = Debug|x64
		{B7568937-784F-345D-8ED7-5BAB0CC7A4ED}.Debug|x64.Build.0 = Debug|x64
		{B7568937-784F-345D-8ED7-5BAB0CC7A4ED}.Release|x64.ActiveCfg = Release|x64
		{B7568937-784F-345D-8ED7-5BAB0CC7A4ED}.Release|x64.Build.0 = Release|x64
		{B7568937-784F-345D-8ED7-5BAB0CC7A4ED}.MinSizeRel|x64.ActiveCfg = MinSizeRel|x64
		{B7568937-784F-345D-8ED7-5BAB0CC7A4ED}.MinSizeRel|x64.Build.0 = MinSizeRel|x64
		{B7568937-784F-345D-8ED7-5BAB0CC7A4ED}.RelWithDebInfo|x64.ActiveCfg = RelWithDebInfo|x64
		{B7568937-784F-345D-8ED7-5BAB0CC7A4ED}.RelWithDebInfo|x64.Build.0 = RelWithDebInfo|x64
		{2AF4FBF4-A30E-3A33-B950-F393C8D8A957}.Debug|x64.ActiveCfg = Debug|x64
		{2AF4FBF4-A30E-3A33-B950-F393C8D8A957}.Debug|x64.Build.0 = Debug|x64
		{2AF4FBF4-A30E-3A33-B950-F393C8D8A957}.Release|x64.ActiveCfg = Release|x64
		{2AF4FBF4-A30E-3A33-B950-F393C8D8A957}.Release|x64.Build.0 = Release|x64
		{2AF4FBF4-A30E-3A33-B950-F393C8D8A957}.MinSizeRel|x64.ActiveCfg = MinSizeRel|x64
		{2AF4FBF4-A30E-3A33-B950-F393C8D8A957}.MinSizeRel|x64.Build.0 = MinSizeRel|x64
		{2AF4FBF4-A30E-3A33-B950-F393C8D8A957}.RelWithDebInfo|x64.ActiveCfg = RelWithDebInfo|x64
		{2AF4FBF4-A30E-3A33-B950-F393C8D8A957}.RelWithDebInfo|x64.Build.0 = RelWithDebInfo|x64
		{F12249BD-9BC4-3659-BBB5-BCBF1DB74961}.Debug|x64.ActiveCfg = Debug|x64
		{F12249BD-9BC4-3659-BBB5-BCBF1DB74961}.Debug|x64.Build.0 = Debug|x64
		{F12249BD-9BC4-3659-BBB5-BCBF1DB74961}.Release|x64.ActiveCfg = Release|x64
		{F12249BD-9BC4-3659-BBB5-BCBF1DB74961}.Release|x64.Build.0 = Release|x64
		{F12249BD-9BC4-3659-BBB5-BCBF1DB74961}.MinSizeRel|x64.ActiveCfg = MinSizeRel|x64
		{F12249BD-9BC4-3659-BBB5-BCBF1DB74961}.MinSizeRel|x64.Build.0 = MinSizeRel|x64
		{F12249BD-9BC4-3659-BBB5-BCBF1DB74961}.RelWithDebInfo|x64.ActiveCfg = RelWithDebInfo|x64
		{F12249BD-9BC4-3659-BBB5-BCBF1DB74961}.RelWithDebInfo|x64.Build.0 = RelWithDebInfo|x64
	EndGlobalSection
	GlobalSection(ExtensibilityGlobals) = postSolution
		SolutionGuid = {4FA4ACF5-F12B-38EE-B203-1AE6FBC26EA6}
	EndGlobalSection
	GlobalSection(ExtensibilityAddIns) = postSolution
	EndGlobalSection
EndGlobal
